
Microsoft Visual Studio Solution File, Format Version 12.00
# Visual Studio Version 17
VisualStudioVersion = 17.6.33801.468
MinimumVisualStudioVersion = 10.0.40219.1
Project("{9A19103F-16F7-4668-BE54-9A1E7A4F7556}") = "ToggleSample", "ToggleSample\ToggleSample.csproj", "{703E157C-E5A6-45EA-88C1-9D26EC85CA45}"
EndProject
Project("{9A19103F-16F7-4668-BE54-9A1E7A4F7556}") = "ToggleSample.Desktop", "ToggleSample.Desktop\ToggleSample.Desktop.csproj", "{97AE6292-3B36-4369-973B-87569378E7B0}"
EndProject
Global
	GlobalSection(SolutionConfigurationPlatforms) = preSolution
		Debug|Any CPU = Debug|Any CPU
		Release|Any CPU = Release|Any CPU
	EndGlobalSection
	GlobalSection(ProjectConfigurationPlatforms) = postSolution
		{703E157C-E5A6-45EA-88C1-9D26EC85CA45}.Debug|Any CPU.ActiveCfg = Debug|Any CPU
		{703E157C-E5A6-45EA-88C1-9D26EC85CA45}.Debug|Any CPU.Build.0 = Debug|Any CPU
		{703E157C-E5A6-45EA-88C1-9D26EC85CA45}.Release|Any CPU.ActiveCfg = Release|Any CPU
		{703E157C-E5A6-45EA-88C1-9D26EC85CA45}.Release|Any CPU.Build.0 = Release|Any CPU
		{97AE6292-3B36-4369-973B-87569378E7B0}.Debug|Any CPU.ActiveCfg = Debug|Any CPU
		{97AE6292-3B36-4369-973B-87569378E7B0}.Debug|Any CPU.Build.0 = Debug|Any CPU
		{97AE6292-3B36-4369-973B-87569378E7B0}.Release|Any CPU.ActiveCfg = Release|Any CPU
		{97AE6292-3B36-4369-973B-87569378E7B0}.Release|Any CPU.Build.0 = Release|Any CPU
	EndGlobalSection
	GlobalSection(SolutionProperties) = preSolution
		HideSolutionNode = FALSE
	EndGlobalSection
	GlobalSection(ExtensibilityGlobals) = postSolution
		SolutionGuid = {BA7CDEA5-0AD0-48FF-BAC0-F73C4122A1AC}
	EndGlobalSection
EndGlobal
